
Microsoft Visual Studio Solution File, Format Version 12.00
# Visual Studio Express 2012 for Windows Desktop
Project("{FAE04EC0-301F-11D3-BF4B-00C04F79EFBC}") = "TestApp", "TestApp\TestApp.csproj", "{658D5848-6727-4906-AC06-6AC8C97674DD}"
EndProject
Global
	GlobalSection(SolutionConfigurationPlatforms) = preSolution
		Debug|Any CPU = Debug|Any CPU
		Release|Any CPU = Release|Any CPU
		WithVar|Any CPU = WithVar|Any CPU
	EndGlobalSection
	GlobalSection(ProjectConfigurationPlatforms) = postSolution
		{658D5848-6727-4906-AC06-6AC8C97674DD}.Debug|Any CPU.ActiveCfg = Debug|Any CPU
		{658D5848-6727-4906-AC06-6AC8C97674DD}.Debug|Any CPU.Build.0 = Debug|Any CPU
		{658D5848-6727-4906-AC06-6AC8C97674DD}.Release|Any CPU.ActiveCfg = Release|Any CPU
		{658D5848-6727-4906-AC06-6AC8C97674DD}.Release|Any CPU.Build.0 = Release|Any CPU
		{658D5848-6727-4906-AC06-6AC8C97674DD}.WithVar|Any CPU.ActiveCfg = WithVar|Any CPU
		{658D5848-6727-4906-AC06-6AC8C97674DD}.WithVar|Any CPU.Build.0 = WithVar|Any CPU
	EndGlobalSection
	GlobalSection(SolutionProperties) = preSolution
		HideSolutionNode = FALSE
	EndGlobalSection
EndGlobal
